PODS:
  - Kingfisher (7.6.2)
  - lottie-ios (4.3.4)

DEPENDENCIES:
  - Kingfisher (~> 7.6.2)
  - lottie-ios (~> 4.3.3)

SPEC REPOS:
  trunk:
    - Kingfisher
    - lottie-ios

SPEC CHECKSUMS:
  Kingfisher: 6c5449c6450c5239166510ba04afe374a98afc4f
  lottie-ios: 3d98679b41fa6fd6aff2352b3953dbd3df8a397e

PODFILE CHECKSUM: 059bb28f3c1dbbf58aedb70ca3b27f39d8c94f60

COCOAPODS: 1.14.3
